
Microsoft Visual Studio Solution File, Format Version 10.00
# Visual Studio 2008
Project("{FAE04EC0-301F-11D3-BF4B-00C04F79EFBC}") = "POBICOS", "POBICOS\POBICOS.csproj", "{3EC5A4F6-8A21-4BCD-840C-217D51EC27D1}"
EndProject
Project("{FAE04EC0-301F-11D3-BF4B-00C04F79EFBC}") = "CustomModelProcessor", "CustomModelProcessor\CustomModelProcessor.csproj", "{61F90DDD-0383-4D68-9C64-BFF109EA63B6}"
EndProject
Project("{FAE04EC0-301F-11D3-BF4B-00C04F79EFBC}") = "MiniMW", "MiniMW\MiniMW.csproj", "{8BC9668F-6B9D-40C0-BFB8-B93035242856}"
EndProject
Project("{FAE04EC0-301F-11D3-BF4B-00C04F79EFBC}") = "NG Library", "PobicosClassLibrary\NG Library.csproj", "{80872BF3-B1C1-45C6-A6CD-B7050937CCE9}"
EndProject
Project("{FAE04EC0-301F-11D3-BF4B-00C04F79EFBC}") = "PobicosForms", "PobicosForms\PobicosForms.csproj", "{8CD92173-55EF-42E4-A5B3-29C1C3F9E961}"
EndProject
Project("{FAE04EC0-301F-11D3-BF4B-00C04F79EFBC}") = "PobicosLamp", "PobicosLamp\PobicosLamp.csproj", "{9B2CA2E0-F36F-4951-B42B-6EC72C7ADFA1}"
EndProject
Project("{FAE04EC0-301F-11D3-BF4B-00C04F79EFBC}") = "PobicosNGNConsole", "PobicosNGNConsole\PobicosNGNConsole.csproj", "{0413189C-27DF-452B-80EB-20EFB7FC37B1}"
EndProject
Project("{FAE04EC0-301F-11D3-BF4B-00C04F79EFBC}") = "PobicosThermometer", "PobicosThermometer\PobicosThermometer.csproj", "{7AB79E81-F4FC-49EC-9CBD-7EA646AA64D7}"
EndProject
Project("{FAE04EC0-301F-11D3-BF4B-00C04F79EFBC}") = "DawnDetector", "DawnDetector\DawnDetector.csproj", "{6A13C5BC-D0AB-4E12-99F3-5E27B72D307B}"
EndProject
Project("{FAE04EC0-301F-11D3-BF4B-00C04F79EFBC}") = "DawnLampMW", "DawnLampMW\DawnLampMW.csproj", "{2D361FB8-5C67-491C-AB2B-101F7F93AFE4}"
EndProject
Project("{FAE04EC0-301F-11D3-BF4B-00C04F79EFBC}") = "LightingTest", "LightingTest\LightingTest.csproj", "{5CE86E30-1D26-45D5-B442-181B4653477A}"
EndProject
Global
	GlobalSection(SolutionConfigurationPlatforms) = preSolution
		Debug|Any CPU = Debug|Any CPU
		Debug|Mixed Platforms = Debug|Mixed Platforms
		Debug|x86 = Debug|x86
		Debug|Xbox 360 = Debug|Xbox 360
		Debug|Zune = Debug|Zune
		Release|Any CPU = Release|Any CPU
		Release|Mixed Platforms = Release|Mixed Platforms
		Release|x86 = Release|x86
		Release|Xbox 360 = Release|Xbox 360
		Release|Zune = Release|Zune
	EndGlobalSection
	GlobalSection(ProjectConfigurationPlatforms) = postSolution
		{3EC5A4F6-8A21-4BCD-840C-217D51EC27D1}.Debug|Any CPU.ActiveCfg = Debug|x86
		{3EC5A4F6-8A21-4BCD-840C-217D51EC27D1}.Debug|Mixed Platforms.ActiveCfg = Debug|x86
		{3EC5A4F6-8A21-4BCD-840C-217D51EC27D1}.Debug|Mixed Platforms.Build.0 = Debug|x86
		{3EC5A4F6-8A21-4BCD-840C-217D51EC27D1}.Debug|x86.ActiveCfg = Debug|x86
		{3EC5A4F6-8A21-4BCD-840C-217D51EC27D1}.Debug|x86.Build.0 = Debug|x86
		{3EC5A4F6-8A21-4BCD-840C-217D51EC27D1}.Debug|Xbox 360.ActiveCfg = Debug|x86
		{3EC5A4F6-8A21-4BCD-840C-217D51EC27D1}.Debug|Zune.ActiveCfg = Debug|x86
		{3EC5A4F6-8A21-4BCD-840C-217D51EC27D1}.Release|Any CPU.ActiveCfg = Release|x86
		{3EC5A4F6-8A21-4BCD-840C-217D51EC27D1}.Release|Mixed Platforms.ActiveCfg = Release|x86
		{3EC5A4F6-8A21-4BCD-840C-217D51EC27D1}.Release|Mixed Platforms.Build.0 = Release|x86
		{3EC5A4F6-8A21-4BCD-840C-217D51EC27D1}.Release|x86.ActiveCfg = Release|x86
		{3EC5A4F6-8A21-4BCD-840C-217D51EC27D1}.Release|x86.Build.0 = Release|x86
		{3EC5A4F6-8A21-4BCD-840C-217D51EC27D1}.Release|Xbox 360.ActiveCfg = Release|x86
		{3EC5A4F6-8A21-4BCD-840C-217D51EC27D1}.Release|Zune.ActiveCfg = Release|x86
		{61F90DDD-0383-4D68-9C64-BFF109EA63B6}.Debug|Any CPU.ActiveCfg = Debug|Zune
		{61F90DDD-0383-4D68-9C64-BFF109EA63B6}.Debug|Mixed Platforms.ActiveCfg = Debug|x86
		{61F90DDD-0383-4D68-9C64-BFF109EA63B6}.Debug|Mixed Platforms.Build.0 = Debug|x86
		{61F90DDD-0383-4D68-9C64-BFF109EA63B6}.Debug|x86.ActiveCfg = Debug|x86
		{61F90DDD-0383-4D68-9C64-BFF109EA63B6}.Debug|x86.Build.0 = Debug|x86
		{61F90DDD-0383-4D68-9C64-BFF109EA63B6}.Debug|Xbox 360.ActiveCfg = Debug|Xbox 360
		{61F90DDD-0383-4D68-9C64-BFF109EA63B6}.Debug|Xbox 360.Build.0 = Debug|Xbox 360
		{61F90DDD-0383-4D68-9C64-BFF109EA63B6}.Debug|Zune.ActiveCfg = Debug|Zune
		{61F90DDD-0383-4D68-9C64-BFF109EA63B6}.Debug|Zune.Build.0 = Debug|Zune
		{61F90DDD-0383-4D68-9C64-BFF109EA63B6}.Release|Any CPU.ActiveCfg = Release|Zune
		{61F90DDD-0383-4D68-9C64-BFF109EA63B6}.Release|Mixed Platforms.ActiveCfg = Release|Zune
		{61F90DDD-0383-4D68-9C64-BFF109EA63B6}.Release|Mixed Platforms.Build.0 = Release|Zune
		{61F90DDD-0383-4D68-9C64-BFF109EA63B6}.Release|x86.ActiveCfg = Release|x86
		{61F90DDD-0383-4D68-9C64-BFF109EA63B6}.Release|x86.Build.0 = Release|x86
		{61F90DDD-0383-4D68-9C64-BFF109EA63B6}.Release|Xbox 360.ActiveCfg = Release|Xbox 360
		{61F90DDD-0383-4D68-9C64-BFF109EA63B6}.Release|Xbox 360.Build.0 = Release|Xbox 360
		{61F90DDD-0383-4D68-9C64-BFF109EA63B6}.Release|Zune.ActiveCfg = Release|Zune
		{61F90DDD-0383-4D68-9C64-BFF109EA63B6}.Release|Zune.Build.0 = Release|Zune
		{8BC9668F-6B9D-40C0-BFB8-B93035242856}.Debug|Any CPU.ActiveCfg = Debug|Any CPU
		{8BC9668F-6B9D-40C0-BFB8-B93035242856}.Debug|Any CPU.Build.0 = Debug|Any CPU
		{8BC9668F-6B9D-40C0-BFB8-B93035242856}.Debug|Mixed Platforms.ActiveCfg = Debug|x86
		{8BC9668F-6B9D-40C0-BFB8-B93035242856}.Debug|Mixed Platforms.Build.0 = Debug|x86
		{8BC9668F-6B9D-40C0-BFB8-B93035242856}.Debug|x86.ActiveCfg = Debug|x86
		{8BC9668F-6B9D-40C0-BFB8-B93035242856}.Debug|x86.Build.0 = Debug|x86
		{8BC9668F-6B9D-40C0-BFB8-B93035242856}.Debug|Xbox 360.ActiveCfg = Debug|x86
		{8BC9668F-6B9D-40C0-BFB8-B93035242856}.Debug|Zune.ActiveCfg = Debug|x86
		{8BC9668F-6B9D-40C0-BFB8-B93035242856}.Release|Any CPU.ActiveCfg = Release|Any CPU
		{8BC9668F-6B9D-40C0-BFB8-B93035242856}.Release|Any CPU.Build.0 = Release|Any CPU
		{8BC9668F-6B9D-40C0-BFB8-B93035242856}.Release|Mixed Platforms.ActiveCfg = Release|x86
		{8BC9668F-6B9D-40C0-BFB8-B93035242856}.Release|Mixed Platforms.Build.0 = Release|x86
		{8BC9668F-6B9D-40C0-BFB8-B93035242856}.Release|x86.ActiveCfg = Release|x86
		{8BC9668F-6B9D-40C0-BFB8-B93035242856}.Release|x86.Build.0 = Release|x86
		{8BC9668F-6B9D-40C0-BFB8-B93035242856}.Release|Xbox 360.ActiveCfg = Release|x86
		{8BC9668F-6B9D-40C0-BFB8-B93035242856}.Release|Zune.ActiveCfg = Release|x86
		{80872BF3-B1C1-45C6-A6CD-B7050937CCE9}.Debug|Any CPU.ActiveCfg = Debug|Any CPU
		{80872BF3-B1C1-45C6-A6CD-B7050937CCE9}.Debug|Any CPU.Build.0 = Debug|Any CPU
		{80872BF3-B1C1-45C6-A6CD-B7050937CCE9}.Debug|Mixed Platforms.ActiveCfg = Debug|x86
		{80872BF3-B1C1-45C6-A6CD-B7050937CCE9}.Debug|Mixed Platforms.Build.0 = Debug|x86
		{80872BF3-B1C1-45C6-A6CD-B7050937CCE9}.Debug|x86.ActiveCfg = Debug|x86
		{80872BF3-B1C1-45C6-A6CD-B7050937CCE9}.Debug|x86.Build.0 = Debug|x86
		{80872BF3-B1C1-45C6-A6CD-B7050937CCE9}.Debug|Xbox 360.ActiveCfg = Debug|x86
		{80872BF3-B1C1-45C6-A6CD-B7050937CCE9}.Debug|Zune.ActiveCfg = Debug|x86
		{80872BF3-B1C1-45C6-A6CD-B7050937CCE9}.Release|Any CPU.ActiveCfg = Release|Any CPU
		{80872BF3-B1C1-45C6-A6CD-B7050937CCE9}.Release|Any CPU.Build.0 = Release|Any CPU
		{80872BF3-B1C1-45C6-A6CD-B7050937CCE9}.Release|Mixed Platforms.ActiveCfg = Release|x86
		{80872BF3-B1C1-45C6-A6CD-B7050937CCE9}.Release|Mixed Platforms.Build.0 = Release|x86
		{80872BF3-B1C1-45C6-A6CD-B7050937CCE9}.Release|x86.ActiveCfg = Release|x86
		{80872BF3-B1C1-45C6-A6CD-B7050937CCE9}.Release|x86.Build.0 = Release|x86
		{80872BF3-B1C1-45C6-A6CD-B7050937CCE9}.Release|Xbox 360.ActiveCfg = Release|x86
		{80872BF3-B1C1-45C6-A6CD-B7050937CCE9}.Release|Zune.ActiveCfg = Release|x86
		{8CD92173-55EF-42E4-A5B3-29C1C3F9E961}.Debug|Any CPU.ActiveCfg = Debug|Any CPU
		{8CD92173-55EF-42E4-A5B3-29C1C3F9E961}.Debug|Any CPU.Build.0 = Debug|Any CPU
		{8CD92173-55EF-42E4-A5B3-29C1C3F9E961}.Debug|Mixed Platforms.ActiveCfg = Debug|Any CPU
		{8CD92173-55EF-42E4-A5B3-29C1C3F9E961}.Debug|Mixed Platforms.Build.0 = Debug|Any CPU
		{8CD92173-55EF-42E4-A5B3-29C1C3F9E961}.Debug|x86.ActiveCfg = Debug|Any CPU
		{8CD92173-55EF-42E4-A5B3-29C1C3F9E961}.Debug|Xbox 360.ActiveCfg = Debug|Any CPU
		{8CD92173-55EF-42E4-A5B3-29C1C3F9E961}.Debug|Zune.ActiveCfg = Debug|Any CPU
		{8CD92173-55EF-42E4-A5B3-29C1C3F9E961}.Release|Any CPU.ActiveCfg = Release|Any CPU
		{8CD92173-55EF-42E4-A5B3-29C1C3F9E961}.Release|Any CPU.Build.0 = Release|Any CPU
		{8CD92173-55EF-42E4-A5B3-29C1C3F9E961}.Release|Mixed Platforms.ActiveCfg = Release|Any CPU
		{8CD92173-55EF-42E4-A5B3-29C1C3F9E961}.Release|Mixed Platforms.Build.0 = Release|Any CPU
		{8CD92173-55EF-42E4-A5B3-29C1C3F9E961}.Release|x86.ActiveCfg = Release|Any CPU
		{8CD92173-55EF-42E4-A5B3-29C1C3F9E961}.Release|Xbox 360.ActiveCfg = Release|Any CPU
		{8CD92173-55EF-42E4-A5B3-29C1C3F9E961}.Release|Zune.ActiveCfg = Release|Any CPU
		{9B2CA2E0-F36F-4951-B42B-6EC72C7ADFA1}.Debug|Any CPU.ActiveCfg = Debug|Any CPU
		{9B2CA2E0-F36F-4951-B42B-6EC72C7ADFA1}.Debug|Any CPU.Build.0 = Debug|Any CPU
		{9B2CA2E0-F36F-4951-B42B-6EC72C7ADFA1}.Debug|Mixed Platforms.ActiveCfg = Debug|x86
		{9B2CA2E0-F36F-4951-B42B-6EC72C7ADFA1}.Debug|Mixed Platforms.Build.0 = Debug|x86
		{9B2CA2E0-F36F-4951-B42B-6EC72C7ADFA1}.Debug|x86.ActiveCfg = Debug|x86
		{9B2CA2E0-F36F-4951-B42B-6EC72C7ADFA1}.Debug|x86.Build.0 = Debug|x86
		{9B2CA2E0-F36F-4951-B42B-6EC72C7ADFA1}.Debug|Xbox 360.ActiveCfg = Debug|x86
		{9B2CA2E0-F36F-4951-B42B-6EC72C7ADFA1}.Debug|Zune.ActiveCfg = Debug|x86
		{9B2CA2E0-F36F-4951-B42B-6EC72C7ADFA1}.Release|Any CPU.ActiveCfg = Release|Any CPU
		{9B2CA2E0-F36F-4951-B42B-6EC72C7ADFA1}.Release|Any CPU.Build.0 = Release|Any CPU
		{9B2CA2E0-F36F-4951-B42B-6EC72C7ADFA1}.Release|Mixed Platforms.ActiveCfg = Release|x86
		{9B2CA2E0-F36F-4951-B42B-6EC72C7ADFA1}.Release|Mixed Platforms.Build.0 = Release|x86
		{9B2CA2E0-F36F-4951-B42B-6EC72C7ADFA1}.Release|x86.ActiveCfg = Release|x86
		{9B2CA2E0-F36F-4951-B42B-6EC72C7ADFA1}.Release|x86.Build.0 = Release|x86
		{9B2CA2E0-F36F-4951-B42B-6EC72C7ADFA1}.Release|Xbox 360.ActiveCfg = Release|x86
		{9B2CA2E0-F36F-4951-B42B-6EC72C7ADFA1}.Release|Zune.ActiveCfg = Release|x86
		{0413189C-27DF-452B-80EB-20EFB7FC37B1}.Debug|Any CPU.ActiveCfg = Debug|Any CPU
		{0413189C-27DF-452B-80EB-20EFB7FC37B1}.Debug|Any CPU.Build.0 = Debug|Any CPU
		{0413189C-27DF-452B-80EB-20EFB7FC37B1}.Debug|Mixed Platforms.ActiveCfg = Debug|x86
		{0413189C-27DF-452B-80EB-20EFB7FC37B1}.Debug|Mixed Platforms.Build.0 = Debug|x86
		{0413189C-27DF-452B-80EB-20EFB7FC37B1}.Debug|x86.ActiveCfg = Debug|x86
		{0413189C-27DF-452B-80EB-20EFB7FC37B1}.Debug|x86.Build.0 = Debug|x86
		{0413189C-27DF-452B-80EB-20EFB7FC37B1}.Debug|Xbox 360.ActiveCfg = Debug|x86
		{0413189C-27DF-452B-80EB-20EFB7FC37B1}.Debug|Zune.ActiveCfg = Debug|x86
		{0413189C-27DF-452B-80EB-20EFB7FC37B1}.Release|Any CPU.ActiveCfg = Release|Any CPU
		{0413189C-27DF-452B-80EB-20EFB7FC37B1}.Release|Any CPU.Build.0 = Release|Any CPU
		{0413189C-27DF-452B-80EB-20EFB7FC37B1}.Release|Mixed Platforms.ActiveCfg = Release|x86
		{0413189C-27DF-452B-80EB-20EFB7FC37B1}.Release|Mixed Platforms.Build.0 = Release|x86
		{0413189C-27DF-452B-80EB-20EFB7FC37B1}.Release|x86.ActiveCfg = Release|x86
		{0413189C-27DF-452B-80EB-20EFB7FC37B1}.Release|x86.Build.0 = Release|x86
		{0413189C-27DF-452B-80EB-20EFB7FC37B1}.Release|Xbox 360.ActiveCfg = Release|x86
		{0413189C-27DF-452B-80EB-20EFB7FC37B1}.Release|Zune.ActiveCfg = Release|x86
		{7AB79E81-F4FC-49EC-9CBD-7EA646AA64D7}.Debug|Any CPU.ActiveCfg = Debug|Any CPU
		{7AB79E81-F4FC-49EC-9CBD-7EA646AA64D7}.Debug|Any CPU.Build.0 = Debug|Any CPU
		{7AB79E81-F4FC-49EC-9CBD-7EA646AA64D7}.Debug|Mixed Platforms.ActiveCfg = Debug|x86
		{7AB79E81-F4FC-49EC-9CBD-7EA646AA64D7}.Debug|Mixed Platforms.Build.0 = Debug|x86
		{7AB79E81-F4FC-49EC-9CBD-7EA646AA64D7}.Debug|x86.ActiveCfg = Debug|x86
		{7AB79E81-F4FC-49EC-9CBD-7EA646AA64D7}.Debug|x86.Build.0 = Debug|x86
		{7AB79E81-F4FC-49EC-9CBD-7EA646AA64D7}.Debug|Xbox 360.ActiveCfg = Debug|x86
		{7AB79E81-F4FC-49EC-9CBD-7EA646AA64D7}.Debug|Zune.ActiveCfg = Debug|x86
		{7AB79E81-F4FC-49EC-9CBD-7EA646AA64D7}.Release|Any CPU.ActiveCfg = Release|Any CPU
		{7AB79E81-F4FC-49EC-9CBD-7EA646AA64D7}.Release|Any CPU.Build.0 = Release|Any CPU
		{7AB79E81-F4FC-49EC-9CBD-7EA646AA64D7}.Release|Mixed Platforms.ActiveCfg = Release|x86
		{7AB79E81-F4FC-49EC-9CBD-7EA646AA64D7}.Release|Mixed Platforms.Build.0 = Release|x86
		{7AB79E81-F4FC-49EC-9CBD-7EA646AA64D7}.Release|x86.ActiveCfg = Release|x86
		{7AB79E81-F4FC-49EC-9CBD-7EA646AA64D7}.Release|x86.Build.0 = Release|x86
		{7AB79E81-F4FC-49EC-9CBD-7EA646AA64D7}.Release|Xbox 360.ActiveCfg = Release|x86
		{7AB79E81-F4FC-49EC-9CBD-7EA646AA64D7}.Release|Zune.ActiveCfg = Release|x86
		{6A13C5BC-D0AB-4E12-99F3-5E27B72D307B}.Debug|Any CPU.ActiveCfg = Debug|Any CPU
		{6A13C5BC-D0AB-4E12-99F3-5E27B72D307B}.Debug|Any CPU.Build.0 = Debug|Any CPU
		{6A13C5BC-D0AB-4E12-99F3-5E27B72D307B}.Debug|Mixed Platforms.ActiveCfg = Debug|Any CPU
		{6A13C5BC-D0AB-4E12-99F3-5E27B72D307B}.Debug|Mixed Platforms.Build.0 = Debug|Any CPU
		{6A13C5BC-D0AB-4E12-99F3-5E27B72D307B}.Debug|x86.ActiveCfg = Debug|Any CPU
		{6A13C5BC-D0AB-4E12-99F3-5E27B72D307B}.Debug|Xbox 360.ActiveCfg = Debug|Any CPU
		{6A13C5BC-D0AB-4E12-99F3-5E27B72D307B}.Debug|Zune.ActiveCfg = Debug|Any CPU
		{6A13C5BC-D0AB-4E12-99F3-5E27B72D307B}.Release|Any CPU.ActiveCfg = Release|Any CPU
		{6A13C5BC-D0AB-4E12-99F3-5E27B72D307B}.Release|Any CPU.Build.0 = Release|Any CPU
		{6A13C5BC-D0AB-4E12-99F3-5E27B72D307B}.Release|Mixed Platforms.ActiveCfg = Release|Any CPU
		{6A13C5BC-D0AB-4E12-99F3-5E27B72D307B}.Release|Mixed Platforms.Build.0 = Release|Any CPU
		{6A13C5BC-D0AB-4E12-99F3-5E27B72D307B}.Release|x86.ActiveCfg = Release|Any CPU
		{6A13C5BC-D0AB-4E12-99F3-5E27B72D307B}.Release|Xbox 360.ActiveCfg = Release|Any CPU
		{6A13C5BC-D0AB-4E12-99F3-5E27B72D307B}.Release|Zune.ActiveCfg = Release|Any CPU
		{2D361FB8-5C67-491C-AB2B-101F7F93AFE4}.Debug|Any CPU.ActiveCfg = Debug|Any CPU
		{2D361FB8-5C67-491C-AB2B-101F7F93AFE4}.Debug|Any CPU.Build.0 = Debug|Any CPU
		{2D361FB8-5C67-491C-AB2B-101F7F93AFE4}.Debug|Mixed Platforms.ActiveCfg = Debug|Any CPU
		{2D361FB8-5C67-491C-AB2B-101F7F93AFE4}.Debug|Mixed Platforms.Build.0 = Debug|Any CPU
		{2D361FB8-5C67-491C-AB2B-101F7F93AFE4}.Debug|x86.ActiveCfg = Debug|Any CPU
		{2D361FB8-5C67-491C-AB2B-101F7F93AFE4}.Debug|Xbox 360.ActiveCfg = Debug|Any CPU
		{2D361FB8-5C67-491C-AB2B-101F7F93AFE4}.Debug|Zune.ActiveCfg = Debug|Any CPU
		{2D361FB8-5C67-491C-AB2B-101F7F93AFE4}.Release|Any CPU.ActiveCfg = Release|Any CPU
		{2D361FB8-5C67-491C-AB2B-101F7F93AFE4}.Release|Any CPU.Build.0 = Release|Any CPU
		{2D361FB8-5C67-491C-AB2B-101F7F93AFE4}.Release|Mixed Platforms.ActiveCfg = Release|Any CPU
		{2D361FB8-5C67-491C-AB2B-101F7F93AFE4}.Release|Mixed Platforms.Build.0 = Release|Any CPU
		{2D361FB8-5C67-491C-AB2B-101F7F93AFE4}.Release|x86.ActiveCfg = Release|Any CPU
		{2D361FB8-5C67-491C-AB2B-101F7F93AFE4}.Release|Xbox 360.ActiveCfg = Release|Any CPU
		{2D361FB8-5C67-491C-AB2B-101F7F93AFE4}.Release|Zune.ActiveCfg = Release|Any CPU
		{5CE86E30-1D26-45D5-B442-181B4653477A}.Debug|Any CPU.ActiveCfg = Debug|x86
		{5CE86E30-1D26-45D5-B442-181B4653477A}.Debug|Mixed Platforms.ActiveCfg = Debug|x86
		{5CE86E30-1D26-45D5-B442-181B4653477A}.Debug|Mixed Platforms.Build.0 = Debug|x86
		{5CE86E30-1D26-45D5-B442-181B4653477A}.Debug|x86.ActiveCfg = Debug|x86
		{5CE86E30-1D26-45D5-B442-181B4653477A}.Debug|x86.Build.0 = Debug|x86
		{5CE86E30-1D26-45D5-B442-181B4653477A}.Debug|Xbox 360.ActiveCfg = Debug|x86
		{5CE86E30-1D26-45D5-B442-181B4653477A}.Debug|Zune.ActiveCfg = Debug|x86
		{5CE86E30-1D26-45D5-B442-181B4653477A}.Release|Any CPU.ActiveCfg = Release|x86
		{5CE86E30-1D26-45D5-B442-181B4653477A}.Release|Mixed Platforms.ActiveCfg = Release|x86
		{5CE86E30-1D26-45D5-B442-181B4653477A}.Release|Mixed Platforms.Build.0 = Release|x86
		{5CE86E30-1D26-45D5-B442-181B4653477A}.Release|x86.ActiveCfg = Release|x86
		{5CE86E30-1D26-45D5-B442-181B4653477A}.Release|x86.Build.0 = Release|x86
		{5CE86E30-1D26-45D5-B442-181B4653477A}.Release|Xbox 360.ActiveCfg = Release|x86
		{5CE86E30-1D26-45D5-B442-181B4653477A}.Release|Zune.ActiveCfg = Release|x86
		{ED57AD6E-BD52-44BB-B7AB-268569B0EA19}.Debug|Any CPU.ActiveCfg = Debug|x86
		{ED57AD6E-BD52-44BB-B7AB-268569B0EA19}.Debug|Mixed Platforms.ActiveCfg = Debug|x86
		{ED57AD6E-BD52-44BB-B7AB-268569B0EA19}.Debug|x86.ActiveCfg = Debug|x86
		{ED57AD6E-BD52-44BB-B7AB-268569B0EA19}.Debug|Xbox 360.ActiveCfg = Debug|x86
		{ED57AD6E-BD52-44BB-B7AB-268569B0EA19}.Debug|Zune.ActiveCfg = Debug|x86
		{ED57AD6E-BD52-44BB-B7AB-268569B0EA19}.Release|Any CPU.ActiveCfg = Release|x86
		{ED57AD6E-BD52-44BB-B7AB-268569B0EA19}.Release|Mixed Platforms.ActiveCfg = Release|x86
		{ED57AD6E-BD52-44BB-B7AB-268569B0EA19}.Release|x86.ActiveCfg = Release|x86
		{ED57AD6E-BD52-44BB-B7AB-268569B0EA19}.Release|Xbox 360.ActiveCfg = Release|x86
		{ED57AD6E-BD52-44BB-B7AB-268569B0EA19}.Release|Zune.ActiveCfg = Release|x86
		{8EFCC7AD-DFE8-4E5E-B670-CDD904D706A3}.Debug|Any CPU.ActiveCfg = Debug|x86
		{8EFCC7AD-DFE8-4E5E-B670-CDD904D706A3}.Debug|Mixed Platforms.ActiveCfg = Debug|x86
		{8EFCC7AD-DFE8-4E5E-B670-CDD904D706A3}.Debug|x86.ActiveCfg = Debug|x86
		{8EFCC7AD-DFE8-4E5E-B670-CDD904D706A3}.Debug|Xbox 360.ActiveCfg = Debug|x86
		{8EFCC7AD-DFE8-4E5E-B670-CDD904D706A3}.Debug|Zune.ActiveCfg = Debug|x86
		{8EFCC7AD-DFE8-4E5E-B670-CDD904D706A3}.Release|Any CPU.ActiveCfg = Release|x86
		{8EFCC7AD-DFE8-4E5E-B670-CDD904D706A3}.Release|Mixed Platforms.ActiveCfg = Release|x86
		{8EFCC7AD-DFE8-4E5E-B670-CDD904D706A3}.Release|x86.ActiveCfg = Release|x86
		{8EFCC7AD-DFE8-4E5E-B670-CDD904D706A3}.Release|Xbox 360.ActiveCfg = Release|x86
		{8EFCC7AD-DFE8-4E5E-B670-CDD904D706A3}.Release|Zune.ActiveCfg = Release|x86
	EndGlobalSection
	GlobalSection(SolutionProperties) = preSolution
		HideSolutionNode = FALSE
	EndGlobalSection
EndGlobal
